
Microsoft Visual Studio Solution File, Format Version 12.00
# Visual Studio Version 17
VisualStudioVersion = 17.0.31903.59
MinimumVisualStudioVersion = 10.0.40219.1
Project("{2150E333-8FDC-42A3-9474-1A3956D46DE8}") = "Services", "Services", "{24A1A64F-DF89-4C60-8F9A-716FCA1F5ADD}"
EndProject
Project("{2150E333-8FDC-42A3-9474-1A3956D46DE8}") = "Catalog", "Catalog", "{51613692-4EC3-450C-8A24-404F36232503}"
EndProject
Project("{FAE04EC0-301F-11D3-BF4B-00C04F79EFBC}") = "Catalog.API", "Services\Catalog\Catalog.API\Catalog.API.csproj", "{8A994B61-DC15-4875-B6F2-65E295A7702B}"
EndProject
Global
	GlobalSection(SolutionConfigurationPlatforms) = preSolution
		Debug|Any CPU = Debug|Any CPU
		Release|Any CPU = Release|Any CPU
	EndGlobalSection
	GlobalSection(ProjectConfigurationPlatforms) = postSolution
		{8A994B61-DC15-4875-B6F2-65E295A7702B}.Debug|Any CPU.ActiveCfg = Debug|Any CPU
		{8A994B61-DC15-4875-B6F2-65E295A7702B}.Debug|Any CPU.Build.0 = Debug|Any CPU
		{8A994B61-DC15-4875-B6F2-65E295A7702B}.Release|Any CPU.ActiveCfg = Release|Any CPU
		{8A994B61-DC15-4875-B6F2-65E295A7702B}.Release|Any CPU.Build.0 = Release|Any CPU
	EndGlobalSection
	GlobalSection(SolutionProperties) = preSolution
		HideSolutionNode = FALSE
	EndGlobalSection
	GlobalSection(NestedProjects) = preSolution
		{51613692-4EC3-450C-8A24-404F36232503} = {24A1A64F-DF89-4C60-8F9A-716FCA1F5ADD}
		{8A994B61-DC15-4875-B6F2-65E295A7702B} = {51613692-4EC3-450C-8A24-404F36232503}
	EndGlobalSection
	GlobalSection(ExtensibilityGlobals) = postSolution
		SolutionGuid = {ECE9204F-186E-417D-926D-300532DCF9D4}
	EndGlobalSection
EndGlobal
