
Microsoft Visual Studio Solution File, Format Version 12.00
# Visual Studio Version 17
VisualStudioVersion = 17.0.31903.59
MinimumVisualStudioVersion = 10.0.40219.1
Project("{2150E333-8FDC-42A3-9474-1A3956D46DE8}") = "Services", "Services", "{24A1A64F-DF89-4C60-8F9A-716FCA1F5ADD}"
EndProject
Project("{2150E333-8FDC-42A3-9474-1A3956D46DE8}") = "Catalog", "Catalog", "{51613692-4EC3-450C-8A24-404F36232503}"
EndProject
Project("{9A19103F-16F7-4668-BE54-9A1E7A4F7556}") = "Catalog.API", "Services\Catalog\Catalog.API\Catalog.API.csproj", "{8A994B61-DC15-4875-B6F2-65E295A7702B}"
EndProject
Project("{E53339B2-1760-4266-BCC7-CA923CBCF16C}") = "docker-compose", "docker-compose.dcproj", "{D1EC2694-B52E-458C-9C7D-B31A0D9CC794}"
EndProject
Project("{2150E333-8FDC-42A3-9474-1A3956D46DE8}") = "Basket", "Basket", "{8EC6701C-ABA7-453C-98D5-1F4B434C4C07}"
EndProject
Project("{FAE04EC0-301F-11D3-BF4B-00C04F79EFBC}") = "Basket.API", "Services\Basket\Basket.API\Basket.API.csproj", "{3720B415-8708-4D23-B7B0-AF8E8732673F}"
EndProject
Project("{2150E333-8FDC-42A3-9474-1A3956D46DE8}") = "Discount", "Discount", "{DD6971E4-8DF8-45C0-8A0E-C684A995CDD8}"
EndProject
Project("{FAE04EC0-301F-11D3-BF4B-00C04F79EFBC}") = "Discount.API", "Services\Discount\Discount.API\Discount.API.csproj", "{975E0B5A-BB4A-4E09-9BAD-549B5A1A3F4B}"
EndProject
Global
	GlobalSection(SolutionConfigurationPlatforms) = preSolution
		Debug|Any CPU = Debug|Any CPU
		Release|Any CPU = Release|Any CPU
	EndGlobalSection
	GlobalSection(ProjectConfigurationPlatforms) = postSolution
		{8A994B61-DC15-4875-B6F2-65E295A7702B}.Debug|Any CPU.ActiveCfg = Debug|Any CPU
		{8A994B61-DC15-4875-B6F2-65E295A7702B}.Debug|Any CPU.Build.0 = Debug|Any CPU
		{8A994B61-DC15-4875-B6F2-65E295A7702B}.Release|Any CPU.ActiveCfg = Release|Any CPU
		{8A994B61-DC15-4875-B6F2-65E295A7702B}.Release|Any CPU.Build.0 = Release|Any CPU
		{D1EC2694-B52E-458C-9C7D-B31A0D9CC794}.Debug|Any CPU.ActiveCfg = Debug|Any CPU
		{D1EC2694-B52E-458C-9C7D-B31A0D9CC794}.Debug|Any CPU.Build.0 = Debug|Any CPU
		{D1EC2694-B52E-458C-9C7D-B31A0D9CC794}.Release|Any CPU.ActiveCfg = Release|Any CPU
		{D1EC2694-B52E-458C-9C7D-B31A0D9CC794}.Release|Any CPU.Build.0 = Release|Any CPU
		{3720B415-8708-4D23-B7B0-AF8E8732673F}.Debug|Any CPU.ActiveCfg = Debug|Any CPU
		{3720B415-8708-4D23-B7B0-AF8E8732673F}.Debug|Any CPU.Build.0 = Debug|Any CPU
		{3720B415-8708-4D23-B7B0-AF8E8732673F}.Release|Any CPU.ActiveCfg = Release|Any CPU
		{3720B415-8708-4D23-B7B0-AF8E8732673F}.Release|Any CPU.Build.0 = Release|Any CPU
		{975E0B5A-BB4A-4E09-9BAD-549B5A1A3F4B}.Debug|Any CPU.ActiveCfg = Debug|Any CPU
		{975E0B5A-BB4A-4E09-9BAD-549B5A1A3F4B}.Debug|Any CPU.Build.0 = Debug|Any CPU
		{975E0B5A-BB4A-4E09-9BAD-549B5A1A3F4B}.Release|Any CPU.ActiveCfg = Release|Any CPU
		{975E0B5A-BB4A-4E09-9BAD-549B5A1A3F4B}.Release|Any CPU.Build.0 = Release|Any CPU
	EndGlobalSection
	GlobalSection(SolutionProperties) = preSolution
		HideSolutionNode = FALSE
	EndGlobalSection
	GlobalSection(NestedProjects) = preSolution
		{51613692-4EC3-450C-8A24-404F36232503} = {24A1A64F-DF89-4C60-8F9A-716FCA1F5ADD}
		{8A994B61-DC15-4875-B6F2-65E295A7702B} = {51613692-4EC3-450C-8A24-404F36232503}
		{8EC6701C-ABA7-453C-98D5-1F4B434C4C07} = {24A1A64F-DF89-4C60-8F9A-716FCA1F5ADD}
		{3720B415-8708-4D23-B7B0-AF8E8732673F} = {8EC6701C-ABA7-453C-98D5-1F4B434C4C07}
		{DD6971E4-8DF8-45C0-8A0E-C684A995CDD8} = {24A1A64F-DF89-4C60-8F9A-716FCA1F5ADD}
		{975E0B5A-BB4A-4E09-9BAD-549B5A1A3F4B} = {DD6971E4-8DF8-45C0-8A0E-C684A995CDD8}
	EndGlobalSection
	GlobalSection(ExtensibilityGlobals) = postSolution
		SolutionGuid = {ECE9204F-186E-417D-926D-300532DCF9D4}
	EndGlobalSection
EndGlobal
